
Microsoft Visual Studio Solution File, Format Version 12.00
# Visual Studio 15
VisualStudioVersion = 15.0.28307.902
MinimumVisualStudioVersion = 10.0.40219.1
Project("{FAE04EC0-301F-11D3-BF4B-00C04F79EFBC}") = "ConsoleApp1", "ConsoleApp1\ConsoleApp1.csproj", "{DFD12B91-87F7-44A1-B111-BC0133141E5E}"
EndProject
Global
	GlobalSection(SolutionConfigurationPlatforms) = preSolution
		Debug|Any CPU = Debug|Any CPU
		Release|Any CPU = Release|Any CPU
	EndGlobalSection
	GlobalSection(ProjectConfigurationPlatforms) = postSolution
		{DFD12B91-87F7-44A1-B111-BC0133141E5E}.Debug|Any CPU.ActiveCfg = Debug|Any CPU
		{DFD12B91-87F7-44A1-B111-BC0133141E5E}.Debug|Any CPU.Build.0 = Debug|Any CPU
		{DFD12B91-87F7-44A1-B111-BC0133141E5E}.Release|Any CPU.ActiveCfg = Release|Any CPU
		{DFD12B91-87F7-44A1-B111-BC0133141E5E}.Release|Any CPU.Build.0 = Release|Any CPU
	EndGlobalSection
	GlobalSection(SolutionProperties) = preSolution
		HideSolutionNode = FALSE
	EndGlobalSection
	GlobalSection(ExtensibilityGlobals) = postSolution
		SolutionGuid = {25B227DE-A030-4468-B311-6159C495DEBD}
	EndGlobalSection
EndGlobal
