
Microsoft Visual Studio Solution File, Format Version 12.00
# Visual Studio 15
VisualStudioVersion = 15.0.28307.902
MinimumVisualStudioVersion = 10.0.40219.1
Project("{FAE04EC0-301F-11D3-BF4B-00C04F79EFBC}") = "WindowsFormsApp1", "WindowsFormsApp1\WindowsFormsApp1.csproj", "{0FA67166-E2AA-4665-BE14-7E63D9C6A49E}"
EndProject
Global
	GlobalSection(SolutionConfigurationPlatforms) = preSolution
		Debug|Any CPU = Debug|Any CPU
		Release|Any CPU = Release|Any CPU
	EndGlobalSection
	GlobalSection(ProjectConfigurationPlatforms) = postSolution
		{0FA67166-E2AA-4665-BE14-7E63D9C6A49E}.Debug|Any CPU.ActiveCfg = Debug|Any CPU
		{0FA67166-E2AA-4665-BE14-7E63D9C6A49E}.Debug|Any CPU.Build.0 = Debug|Any CPU
		{0FA67166-E2AA-4665-BE14-7E63D9C6A49E}.Release|Any CPU.ActiveCfg = Release|Any CPU
		{0FA67166-E2AA-4665-BE14-7E63D9C6A49E}.Release|Any CPU.Build.0 = Release|Any CPU
	EndGlobalSection
	GlobalSection(SolutionProperties) = preSolution
		HideSolutionNode = FALSE
	EndGlobalSection
	GlobalSection(ExtensibilityGlobals) = postSolution
		SolutionGuid = {17FE9DD6-75E5-4E0D-AE8F-F2FCFDB7A880}
	EndGlobalSection
EndGlobal
